
Microsoft Visual Studio Solution File, Format Version 12.00
# Visual Studio 15
VisualStudioVersion = 15.0.26730.16
MinimumVisualStudioVersion = 10.0.40219.1
Project("{FAE04EC0-301F-11D3-BF4B-00C04F79EFBC}") = "WindowsFormsApp6", "WindowsFormsApp6\WindowsFormsApp6.csproj", "{B8BC27BC-905B-4074-8092-95D6BD1FC37A}"
EndProject
Global
	GlobalSection(SolutionConfigurationPlatforms) = preSolution
		Debug|Any CPU = Debug|Any CPU
		Release|Any CPU = Release|Any CPU
	EndGlobalSection
	GlobalSection(ProjectConfigurationPlatforms) = postSolution
		{B8BC27BC-905B-4074-8092-95D6BD1FC37A}.Debug|Any CPU.ActiveCfg = Debug|Any CPU
		{B8BC27BC-905B-4074-8092-95D6BD1FC37A}.Debug|Any CPU.Build.0 = Debug|Any CPU
		{B8BC27BC-905B-4074-8092-95D6BD1FC37A}.Release|Any CPU.ActiveCfg = Release|Any CPU
		{B8BC27BC-905B-4074-8092-95D6BD1FC37A}.Release|Any CPU.Build.0 = Release|Any CPU
	EndGlobalSection
	GlobalSection(SolutionProperties) = preSolution
		HideSolutionNode = FALSE
	EndGlobalSection
	GlobalSection(ExtensibilityGlobals) = postSolution
		SolutionGuid = {311EF530-3A56-4C58-AC9E-32EA1F4B9E46}
	EndGlobalSection
EndGlobal
